// !$*UTF8*$!
{
	archiveVersion = 1;
	classes = {
	};
	objectVersion = 48;
	objects = {

/* Begin PBXBuildFile section */
		892692631F9FB7AE00242F04 /* MemeTableViewController.swift in Sources */ = {isa = PBXBuildFile; fileRef = 892692621F9FB7AE00242F04 /* MemeTableViewController.swift */; };
		892692651F9FB7BD00242F04 /* MemeCollectionViewController.swift in Sources */ = {isa = PBXBuildFile; fileRef = 892692641F9FB7BD00242F04 /* MemeCollectionViewController.swift */; };
		892692671F9FBACB00242F04 /* MemeCollectionViewCell.swift in Sources */ = {isa = PBXBuildFile; fileRef = 892692661F9FBACB00242F04 /* MemeCollectionViewCell.swift */; };
		895E4E4B1F9FCD7B00BB6E4A /* MemeDetailViewController.swift in Sources */ = {isa = PBXBuildFile; fileRef = 895E4E4A1F9FCD7B00BB6E4A /* MemeDetailViewController.swift */; };
		898213981F92D63C008F587D /* Meme.swift in Sources */ = {isa = PBXBuildFile; fileRef = 898213971F92D63B008F587D /* Meme.swift */; };
		8982139B1F956332008F587D /* impact.ttf in Resources */ = {isa = PBXBuildFile; fileRef = 898213991F9560D4008F587D /* impact.ttf */; };
		89CF6E6D1FA52AE000EF4982 /* MemeTableViewCell.swift in Sources */ = {isa = PBXBuildFile; fileRef = 89CF6E6C1FA52AE000EF4982 /* MemeTableViewCell.swift */; };
		89DA66941F9013F300641690 /* AppDelegate.swift in Sources */ = {isa = PBXBuildFile; fileRef = 89DA66931F9013F300641690 /* AppDelegate.swift */; };
		89DA66961F9013F300641690 /* MemeEditorViewController.swift in Sources */ = {isa = PBXBuildFile; fileRef = 89DA66951F9013F300641690 /* MemeEditorViewController.swift */; };
		89DA66991F9013F300641690 /* Main.storyboard in Resources */ = {isa = PBXBuildFile; fileRef = 89DA66971F9013F300641690 /* Main.storyboard */; };
		89DA669B1F9013F300641690 /* Assets.xcassets in Resources */ = {isa = PBXBuildFile; fileRef = 89DA669A1F9013F300641690 /* Assets.xcassets */; };
		89DA669E1F9013F300641690 /* LaunchScreen.storyboard in Resources */ = {isa = PBXBuildFile; fileRef = 89DA669C1F9013F300641690 /* LaunchScreen.storyboard */; };
/* End PBXBuildFile section */

/* Begin PBXFileReference section */
		892692621F9FB7AE00242F04 /* MemeTableViewController.swift */ = {isa = PBXFileReference; lastKnownFileType = sourcecode.swift; path = MemeTableViewController.swift; sourceTree = "<group>"; };
		892692641F9FB7BD00242F04 /* MemeCollectionViewController.swift */ = {isa = PBXFileReference; lastKnownFileType = sourcecode.swift; path = MemeCollectionViewController.swift; sourceTree = "<group>"; };
		892692661F9FBACB00242F04 /* MemeCollectionViewCell.swift */ = {isa = PBXFileReference; lastKnownFileType = sourcecode.swift; path = MemeCollectionViewCell.swift; sourceTree = "<group>"; };
		895E4E4A1F9FCD7B00BB6E4A /* MemeDetailViewController.swift */ = {isa = PBXFileReference; lastKnownFileType = sourcecode.swift; path = MemeDetailViewController.swift; sourceTree = "<group>"; };
		898213971F92D63B008F587D /* Meme.swift */ = {isa = PBXFileReference; lastKnownFileType = sourcecode.swift; path = Meme.swift; sourceTree = "<group>"; };
		898213991F9560D4008F587D /* impact.ttf */ = {isa = PBXFileReference; lastKnownFileType = file; path = impact.ttf; sourceTree = "<group>"; };
		89CF6E6C1FA52AE000EF4982 /* MemeTableViewCell.swift */ = {isa = PBXFileReference; lastKnownFileType = sourcecode.swift; path = MemeTableViewCell.swift; sourceTree = "<group>"; };
		89DA66901F9013F300641690 /* MemeMe.app */ = {isa = PBXFileReference; explicitFileType = wrapper.application; includeInIndex = 0; path = MemeMe.app; sourceTree = BUILT_PRODUCTS_DIR; };
		89DA66931F9013F300641690 /* AppDelegate.swift */ = {isa = PBXFileReference; lastKnownFileType = sourcecode.swift; path = AppDelegate.swift; sourceTree = "<group>"; };
		89DA66951F9013F300641690 /* MemeEditorViewController.swift */ = {isa = PBXFileReference; lastKnownFileType = sourcecode.swift; path = MemeEditorViewController.swift; sourceTree = "<group>"; };
		89DA66981F9013F300641690 /* Base */ = {isa = PBXFileReference; lastKnownFileType = file.storyboard; name = Base; path = Base.lproj/Main.storyboard; sourceTree = "<group>"; };
		89DA669A1F9013F300641690 /* Assets.xcassets */ = {isa = PBXFileReference; lastKnownFileType = folder.assetcatalog; path = Assets.xcassets; sourceTree = "<group>"; };
		89DA669D1F9013F300641690 /* Base */ = {isa = PBXFileReference; lastKnownFileType = file.storyboard; name = Base; path = Base.lproj/LaunchScreen.storyboard; sourceTree = "<group>"; };
		89DA669F1F9013F300641690 /* Info.plist */ = {isa = PBXFileReference; lastKnownFileType = text.plist.xml; path = Info.plist; sourceTree = "<group>"; };
/* End PBXFileReference section */

/* Begin PBXFrameworksBuildPhase section */
		89DA668D1F9013F300641690 /* Frameworks */ = {
			isa = PBXFrameworksBuildPhase;
			buildActionMask = 2147483647;
			files = (
			);
			runOnlyForDeploymentPostprocessing = 0;
		};
/* End PBXFrameworksBuildPhase section */

/* Begin PBXGroup section */
		89DA66871F9013F300641690 = {
			isa = PBXGroup;
			children = (
				89DA66921F9013F300641690 /* MemeMe */,
				89DA66911F9013F300641690 /* Products */,
			);
			sourceTree = "<group>";
		};
		89DA66911F9013F300641690 /* Products */ = {
			isa = PBXGroup;
			children = (
				89DA66901F9013F300641690 /* MemeMe.app */,
			);
			name = Products;
			sourceTree = "<group>";
		};
		89DA66921F9013F300641690 /* MemeMe */ = {
			isa = PBXGroup;
			children = (
				898213971F92D63B008F587D /* Meme.swift */,
				89CF6E6C1FA52AE000EF4982 /* MemeTableViewCell.swift */,
				892692621F9FB7AE00242F04 /* MemeTableViewController.swift */,
				892692641F9FB7BD00242F04 /* MemeCollectionViewController.swift */,
				892692661F9FBACB00242F04 /* MemeCollectionViewCell.swift */,
				895E4E4A1F9FCD7B00BB6E4A /* MemeDetailViewController.swift */,
				89DA66951F9013F300641690 /* MemeEditorViewController.swift */,
				89DA66931F9013F300641690 /* AppDelegate.swift */,
				89DA66971F9013F300641690 /* Main.storyboard */,
				898213991F9560D4008F587D /* impact.ttf */,
				89DA669A1F9013F300641690 /* Assets.xcassets */,
				89DA669C1F9013F300641690 /* LaunchScreen.storyboard */,
				89DA669F1F9013F300641690 /* Info.plist */,
			);
			path = MemeMe;
			sourceTree = "<group>";
		};
/* End PBXGroup section */

/* Begin PBXNativeTarget section */
		89DA668F1F9013F300641690 /* MemeMe */ = {
			isa = PBXNativeTarget;
			buildConfigurationList = 89DA66A21F9013F300641690 /* Build configuration list for PBXNativeTarget "MemeMe" */;
			buildPhases = (
				89DA668C1F9013F300641690 /* Sources */,
				89DA668D1F9013F300641690 /* Frameworks */,
				89DA668E1F9013F300641690 /* Resources */,
			);
			buildRules = (
			);
			dependencies = (
			);
			name = MemeMe;
			productName = MemeMe;
			productReference = 89DA66901F9013F300641690 /* MemeMe.app */;
			productType = "com.apple.product-type.application";
		};
/* End PBXNativeTarget section */

/* Begin PBXProject section */
		89DA66881F9013F300641690 /* Project object */ = {
			isa = PBXProject;
			attributes = {
				LastSwiftUpdateCheck = 0900;
				LastUpgradeCheck = 0900;
				ORGANIZATIONNAME = "Jordan Jackson";
				TargetAttributes = {
					89DA668F1F9013F300641690 = {
						CreatedOnToolsVersion = 9.0;
						ProvisioningStyle = Automatic;
					};
				};
			};
			buildConfigurationList = 89DA668B1F9013F300641690 /* Build configuration list for PBXProject "MemeMe" */;
			compatibilityVersion = "Xcode 8.0";
			developmentRegion = en;
			hasScannedForEncodings = 0;
			knownRegions = (
				en,
				Base,
			);
			mainGroup = 89DA66871F9013F300641690;
			productRefGroup = 89DA66911F9013F300641690 /* Products */;
			projectDirPath = "";
			projectRoot = "";
			targets = (
				89DA668F1F9013F300641690 /* MemeMe */,
			);
		};
/* End PBXProject section */

/* Begin PBXResourcesBuildPhase section */
		89DA668E1F9013F300641690 /* Resources */ = {
			isa = PBXResourcesBuildPhase;
			buildActionMask = 2147483647;
			files = (
				8982139B1F956332008F587D /* impact.ttf in Resources */,
				89DA669E1F9013F300641690 /* LaunchScreen.storyboard in Resources */,
				89DA669B1F9013F300641690 /* Assets.xcassets in Resources */,
				89DA66991F9013F300641690 /* Main.storyboard in Resources */,
			);
			runOnlyForDeploymentPostprocessing = 0;
		};
/* End PBXResourcesBuildPhase section */

/* Begin PBXSourcesBuildPhase section */
		89DA668C1F9013F300641690 /* Sources */ = {
			isa = PBXSourcesBuildPhase;
			buildActionMask = 2147483647;
			files = (
				892692671F9FBACB00242F04 /* MemeCollectionViewCell.swift in Sources */,
				89CF6E6D1FA52AE000EF4982 /* MemeTableViewCell.swift in Sources */,
				898213981F92D63C008F587D /* Meme.swift in Sources */,
				89DA66961F9013F300641690 /* MemeEditorViewController.swift in Sources */,
				892692651F9FB7BD00242F04 /* MemeCollectionViewController.swift in Sources */,
				895E4E4B1F9FCD7B00BB6E4A /* MemeDetailViewController.swift in Sources */,
				89DA66941F9013F300641690 /* AppDelegate.swift in Sources */,
				892692631F9FB7AE00242F04 /* MemeTableViewController.swift in Sources */,
			);
			runOnlyForDeploymentPostprocessing = 0;
		};
/* End PBXSourcesBuildPhase section */

/* Begin PBXVariantGroup section */
		89DA66971F9013F300641690 /* Main.storyboard */ = {
			isa = PBXVariantGroup;
			children = (
				89DA66981F9013F300641690 /* Base */,
			);
			name = Main.storyboard;
			sourceTree = "<group>";
		};
		89DA669C1F9013F300641690 /* LaunchScreen.storyboard */ = {
			isa = PBXVariantGroup;
			children = (
				89DA669D1F9013F300641690 /* Base */,
			);
			name = LaunchScreen.storyboard;
			sourceTree = "<group>";
		};
/* End PBXVariantGroup section */

/* Begin XCBuildConfiguration section */
		89DA66A01F9013F300641690 /* Debug */ = {
			isa = XCBuildConfiguration;
			buildSettings = {
				ALWAYS_SEARCH_USER_PATHS = NO;
				CLANG_ANALYZER_NONNULL = YES;
				CLANG_ANALYZER_NUMBER_OBJECT_CONVERSION = YES_AGGRESSIVE;
				CLANG_CXX_LANGUAGE_STANDARD = "gnu++14";
				CLANG_CXX_LIBRARY = "libc++";
				CLANG_ENABLE_MODULES = YES;
				CLANG_ENABLE_OBJC_ARC = YES;
				CLANG_WARN_BLOCK_CAPTURE_AUTORELEASING = YES;
				CLANG_WARN_BOOL_CONVERSION = YES;
				CLANG_WARN_COMMA = YES;
				CLANG_WARN_CONSTANT_CONVERSION = YES;
				CLANG_WARN_DIRECT_OBJC_ISA_USAGE = YES_ERROR;
				CLANG_WARN_DOCUMENTATION_COMMENTS = YES;
				CLANG_WARN_EMPTY_BODY = YES;
				CLANG_WARN_ENUM_CONVERSION = YES;
				CLANG_WARN_INFINITE_RECURSION = YES;
				CLANG_WARN_INT_CONVERSION = YES;
				CLANG_WARN_NON_LITERAL_NULL_CONVERSION = YES;
				CLANG_WARN_OBJC_LITERAL_CONVERSION = YES;
				CLANG_WARN_OBJC_ROOT_CLASS = YES_ERROR;
				CLANG_WARN_RANGE_LOOP_ANALYSIS = YES;
				CLANG_WARN_STRICT_PROTOTYPES = YES;
				CLANG_WARN_SUSPICIOUS_MOVE = YES;
				CLANG_WARN_UNGUARDED_AVAILABILITY = YES_AGGRESSIVE;
				CLANG_WARN_UNREACHABLE_CODE = YES;
				CLANG_WARN__DUPLICATE_METHOD_MATCH = YES;
				CODE_SIGN_IDENTITY = "iPhone Developer";
				COPY_PHASE_STRIP = NO;
				DEBUG_INFORMATION_FORMAT = dwarf;
				ENABLE_STRICT_OBJC_MSGSEND = YES;
				ENABLE_TESTABILITY = YES;
				GCC_C_LANGUAGE_STANDARD = gnu11;
				GCC_DYNAMIC_NO_PIC = NO;
				GCC_NO_COMMON_BLOCKS = YES;
				GCC_OPTIMIZATION_LEVEL = 0;
				GCC_PREPROCESSOR_DEFINITIONS = (
					"DEBUG=1",
					"$(inherited)",
				);
				GCC_WARN_64_TO_32_BIT_CONVERSION = YES;
				GCC_WARN_ABOUT_RETURN_TYPE = YES_ERROR;
				GCC_WARN_UNDECLARED_SELECTOR = YES;
				GCC_WARN_UNINITIALIZED_AUTOS = YES_AGGRESSIVE;
				GCC_WARN_UNUSED_FUNCTION = YES;
				GCC_WARN_UNUSED_VARIABLE = YES;
				IPHONEOS_DEPLOYMENT_TARGET = 11.0;
				MTL_ENABLE_DEBUG_INFO = YES;
				ONLY_ACTIVE_ARCH = YES;
				SDKROOT = iphoneos;
				SWIFT_ACTIVE_COMPILATION_CONDITIONS = DEBUG;
				SWIFT_OPTIMIZATION_LEVEL = "-Onone";
			};
			name = Debug;
		};
		89DA66A11F9013F300641690 /* Release */ = {
			isa = XCBuildConfiguration;
			buildSettings = {
				ALWAYS_SEARCH_USER_PATHS = NO;
				CLANG_ANALYZER_NONNULL = YES;
				CLANG_ANALYZER_NUMBER_OBJECT_CONVERSION = YES_AGGRESSIVE;
				CLANG_CXX_LANGUAGE_STANDARD = "gnu++14";
				CLANG_CXX_LIBRARY = "libc++";
				CLANG_ENABLE_MODULES = YES;
				CLANG_ENABLE_OBJC_ARC = YES;
				CLANG_WARN_BLOCK_CAPTURE_AUTORELEASING = YES;
				CLANG_WARN_BOOL_CONVERSION = YES;
				CLANG_WARN_COMMA = YES;
				CLANG_WARN_CONSTANT_CONVERSION = YES;
				CLANG_WARN_DIRECT_OBJC_ISA_USAGE = YES_ERROR;
				CLANG_WARN_DOCUMENTATION_COMMENTS = YES;
				CLANG_WARN_EMPTY_BODY = YES;
				CLANG_WARN_ENUM_CONVERSION = YES;
				CLANG_WARN_INFINITE_RECURSION = YES;
				CLANG_WARN_INT_CONVERSION = YES;
				CLANG_WARN_NON_LITERAL_NULL_CONVERSION = YES;
				CLANG_WARN_OBJC_LITERAL_CONVERSION = YES;
				CLANG_WARN_OBJC_ROOT_CLASS = YES_ERROR;
				CLANG_WARN_RANGE_LOOP_ANALYSIS = YES;
				CLANG_WARN_STRICT_PROTOTYPES = YES;
				CLANG_WARN_SUSPICIOUS_MOVE = YES;
				CLANG_WARN_UNGUARDED_AVAILABILITY = YES_AGGRESSIVE;
				CLANG_WARN_UNREACHABLE_CODE = YES;
				CLANG_WARN__DUPLICATE_METHOD_MATCH = YES;
				CODE_SIGN_IDENTITY = "iPhone Developer";
				COPY_PHASE_STRIP = NO;
				DEBUG_INFORMATION_FORMAT = "dwarf-with-dsym";
				ENABLE_NS_ASSERTIONS = NO;
				ENABLE_STRICT_OBJC_MSGSEND = YES;
				GCC_C_LANGUAGE_STANDARD = gnu11;
				GCC_NO_COMMON_BLOCKS = YES;
				GCC_WARN_64_TO_32_BIT_CONVERSION = YES;
				GCC_WARN_ABOUT_RETURN_TYPE = YES_ERROR;
				GCC_WARN_UNDECLARED_SELECTOR = YES;
				GCC_WARN_UNINITIALIZED_AUTOS = YES_AGGRESSIVE;
				GCC_WARN_UNUSED_FUNCTION = YES;
				GCC_WARN_UNUSED_VARIABLE = YES;
				IPHONEOS_DEPLOYMENT_TARGET = 11.0;
				MTL_ENABLE_DEBUG_INFO = NO;
				SDKROOT = iphoneos;
				SWIFT_OPTIMIZATION_LEVEL = "-Owholemodule";
				VALIDATE_PRODUCT = YES;
			};
			name = Release;
		};
		89DA66A31F9013F300641690 /* Debug */ = {
			isa = XCBuildConfiguration;
			buildSettings = {
				ASSETCATALOG_COMPILER_APPICON_NAME = AppIcon;
				CODE_SIGN_STYLE = Automatic;
				DEVELOPMENT_TEAM = 6NF5PFY3LC;
				INFOPLIST_FILE = MemeMe/Info.plist;
				LD_RUNPATH_SEARCH_PATHS = "$(inherited) @executable_path/Frameworks";
				PRODUCT_BUNDLE_IDENTIFIER = com.Puricode.MemeMe;
				PRODUCT_NAME = "$(TARGET_NAME)";
				SWIFT_VERSION = 4.0;
				TARGETED_DEVICE_FAMILY = "1,2";
			};
			name = Debug;
		};
		89DA66A41F9013F300641690 /* Release */ = {
			isa = XCBuildConfiguration;
			buildSettings = {
				ASSETCATALOG_COMPILER_APPICON_NAME = AppIcon;
				CODE_SIGN_STYLE = Automatic;
				DEVELOPMENT_TEAM = 6NF5PFY3LC;
				INFOPLIST_FILE = MemeMe/Info.plist;
				LD_RUNPATH_SEARCH_PATHS = "$(inherited) @executable_path/Frameworks";
				PRODUCT_BUNDLE_IDENTIFIER = com.Puricode.MemeMe;
				PRODUCT_NAME = "$(TARGET_NAME)";
				SWIFT_VERSION = 4.0;
				TARGETED_DEVICE_FAMILY = "1,2";
			};
			name = Release;
		};
/* End XCBuildConfiguration section */

/* Begin XCConfigurationList section */
		89DA668B1F9013F300641690 /* Build configuration list for PBXProject "MemeMe" */ = {
			isa = XCConfigurationList;
			buildConfigurations = (
				89DA66A01F9013F300641690 /* Debug */,
				89DA66A11F9013F300641690 /* Release */,
			);
			defaultConfigurationIsVisible = 0;
			defaultConfigurationName = Release;
		};
		89DA66A21F9013F300641690 /* Build configuration list for PBXNativeTarget "MemeMe" */ = {
			isa = XCConfigurationList;
			buildConfigurations = (
				89DA66A31F9013F300641690 /* Debug */,
				89DA66A41F9013F300641690 /* Release */,
			);
			defaultConfigurationIsVisible = 0;
			defaultConfigurationName = Release;
		};
/* End XCConfigurationList section */
	};
	rootObject = 89DA66881F9013F300641690 /* Project object */;
}
